
Microsoft Visual Studio Solution File, Format Version 12.00
# Visual Studio 15
VisualStudioVersion = 15.0.28307.1000
MinimumVisualStudioVersion = 10.0.40219.1
Project("{9A19103F-16F7-4668-BE54-9A1E7A4F7556}") = "liriksi.Model", "liriksi.Model\liriksi.Model.csproj", "{D1434C7F-0A47-4CBD-A419-4F3F041A1818}"
EndProject
Project("{9A19103F-16F7-4668-BE54-9A1E7A4F7556}") = "liriksi.WebAPI", "liriksi.WebAPI\liriksi.WebAPI.csproj", "{53566392-898B-4948-8003-E5DA224F28B1}"
EndProject
Project("{2150E333-8FDC-42A3-9474-1A3956D46DE8}") = "UI", "UI", "{8E961501-54F2-4407-BF32-B9BEE58F18D7}"
EndProject
Project("{FAE04EC0-301F-11D3-BF4B-00C04F79EFBC}") = "liriksi.WinUI", "liriksi.WinUI\liriksi.WinUI.csproj", "{EC229FCE-CE67-4C05-92B2-6224D6844A27}"
EndProject
Project("{FAE04EC0-301F-11D3-BF4B-00C04F79EFBC}") = "lirksi.Mobile.UWP", "lirksi.Mobile\lirksi.Mobile.UWP\lirksi.Mobile.UWP.csproj", "{15D77A9B-57FE-4729-BF81-0B2F469BEC84}"
EndProject
Project("{FAE04EC0-301F-11D3-BF4B-00C04F79EFBC}") = "lirksi.Mobile.Android", "lirksi.Mobile\lirksi.Mobile.Android\lirksi.Mobile.Android.csproj", "{FA6353FE-C7B5-4857-A2DF-25586BEC6974}"
EndProject
Project("{FAE04EC0-301F-11D3-BF4B-00C04F79EFBC}") = "lirksi.Mobile.iOS", "lirksi.Mobile\lirksi.Mobile.iOS\lirksi.Mobile.iOS.csproj", "{5E2E6C3D-A161-415B-98C1-BF951013EDAB}"
EndProject
Project("{9A19103F-16F7-4668-BE54-9A1E7A4F7556}") = "lirksi.Mobile", "lirksi.Mobile\lirksi.Mobile\lirksi.Mobile.csproj", "{0DB45696-72AC-44B9-AB93-07EF4DD90210}"
EndProject
Global
	GlobalSection(SolutionConfigurationPlatforms) = preSolution
		Debug|Any CPU = Debug|Any CPU
		Debug|ARM = Debug|ARM
		Debug|iPhone = Debug|iPhone
		Debug|iPhoneSimulator = Debug|iPhoneSimulator
		Debug|x64 = Debug|x64
		Debug|x86 = Debug|x86
		Release|Any CPU = Release|Any CPU
		Release|ARM = Release|ARM
		Release|iPhone = Release|iPhone
		Release|iPhoneSimulator = Release|iPhoneSimulator
		Release|x64 = Release|x64
		Release|x86 = Release|x86
	EndGlobalSection
	GlobalSection(ProjectConfigurationPlatforms) = postSolution
		{D1434C7F-0A47-4CBD-A419-4F3F041A1818}.Debug|Any CPU.ActiveCfg = Debug|Any CPU
		{D1434C7F-0A47-4CBD-A419-4F3F041A1818}.Debug|Any CPU.Build.0 = Debug|Any CPU
		{D1434C7F-0A47-4CBD-A419-4F3F041A1818}.Debug|ARM.ActiveCfg = Debug|Any CPU
		{D1434C7F-0A47-4CBD-A419-4F3F041A1818}.Debug|ARM.Build.0 = Debug|Any CPU
		{D1434C7F-0A47-4CBD-A419-4F3F041A1818}.Debug|iPhone.ActiveCfg = Debug|Any CPU
		{D1434C7F-0A47-4CBD-A419-4F3F041A1818}.Debug|iPhone.Build.0 = Debug|Any CPU
		{D1434C7F-0A47-4CBD-A419-4F3F041A1818}.Debug|iPhoneSimulator.ActiveCfg = Debug|Any CPU
		{D1434C7F-0A47-4CBD-A419-4F3F041A1818}.Debug|iPhoneSimulator.Build.0 = Debug|Any CPU
		{D1434C7F-0A47-4CBD-A419-4F3F041A1818}.Debug|x64.ActiveCfg = Debug|Any CPU
		{D1434C7F-0A47-4CBD-A419-4F3F041A1818}.Debug|x64.Build.0 = Debug|Any CPU
		{D1434C7F-0A47-4CBD-A419-4F3F041A1818}.Debug|x86.ActiveCfg = Debug|Any CPU
		{D1434C7F-0A47-4CBD-A419-4F3F041A1818}.Debug|x86.Build.0 = Debug|Any CPU
		{D1434C7F-0A47-4CBD-A419-4F3F041A1818}.Release|Any CPU.ActiveCfg = Release|Any CPU
		{D1434C7F-0A47-4CBD-A419-4F3F041A1818}.Release|Any CPU.Build.0 = Release|Any CPU
		{D1434C7F-0A47-4CBD-A419-4F3F041A1818}.Release|ARM.ActiveCfg = Release|Any CPU
		{D1434C7F-0A47-4CBD-A419-4F3F041A1818}.Release|ARM.Build.0 = Release|Any CPU
		{D1434C7F-0A47-4CBD-A419-4F3F041A1818}.Release|iPhone.ActiveCfg = Release|Any CPU
		{D1434C7F-0A47-4CBD-A419-4F3F041A1818}.Release|iPhone.Build.0 = Release|Any CPU
		{D1434C7F-0A47-4CBD-A419-4F3F041A1818}.Release|iPhoneSimulator.ActiveCfg = Release|Any CPU
		{D1434C7F-0A47-4CBD-A419-4F3F041A1818}.Release|iPhoneSimulator.Build.0 = Release|Any CPU
		{D1434C7F-0A47-4CBD-A419-4F3F041A1818}.Release|x64.ActiveCfg = Release|Any CPU
		{D1434C7F-0A47-4CBD-A419-4F3F041A1818}.Release|x64.Build.0 = Release|Any CPU
		{D1434C7F-0A47-4CBD-A419-4F3F041A1818}.Release|x86.ActiveCfg = Release|Any CPU
		{D1434C7F-0A47-4CBD-A419-4F3F041A1818}.Release|x86.Build.0 = Release|Any CPU
		{53566392-898B-4948-8003-E5DA224F28B1}.Debug|Any CPU.ActiveCfg = Debug|Any CPU
		{53566392-898B-4948-8003-E5DA224F28B1}.Debug|Any CPU.Build.0 = Debug|Any CPU
		{53566392-898B-4948-8003-E5DA224F28B1}.Debug|ARM.ActiveCfg = Debug|Any CPU
		{53566392-898B-4948-8003-E5DA224F28B1}.Debug|ARM.Build.0 = Debug|Any CPU
		{53566392-898B-4948-8003-E5DA224F28B1}.Debug|iPhone.ActiveCfg = Debug|Any CPU
		{53566392-898B-4948-8003-E5DA224F28B1}.Debug|iPhone.Build.0 = Debug|Any CPU
		{53566392-898B-4948-8003-E5DA224F28B1}.Debug|iPhoneSimulator.ActiveCfg = Debug|Any CPU
		{53566392-898B-4948-8003-E5DA224F28B1}.Debug|iPhoneSimulator.Build.0 = Debug|Any CPU
		{53566392-898B-4948-8003-E5DA224F28B1}.Debug|x64.ActiveCfg = Debug|Any CPU
		{53566392-898B-4948-8003-E5DA224F28B1}.Debug|x64.Build.0 = Debug|Any CPU
		{53566392-898B-4948-8003-E5DA224F28B1}.Debug|x86.ActiveCfg = Debug|Any CPU
		{53566392-898B-4948-8003-E5DA224F28B1}.Debug|x86.Build.0 = Debug|Any CPU
		{53566392-898B-4948-8003-E5DA224F28B1}.Release|Any CPU.ActiveCfg = Release|Any CPU
		{53566392-898B-4948-8003-E5DA224F28B1}.Release|Any CPU.Build.0 = Release|Any CPU
		{53566392-898B-4948-8003-E5DA224F28B1}.Release|ARM.ActiveCfg = Release|Any CPU
		{53566392-898B-4948-8003-E5DA224F28B1}.Release|ARM.Build.0 = Release|Any CPU
		{53566392-898B-4948-8003-E5DA224F28B1}.Release|iPhone.ActiveCfg = Release|Any CPU
		{53566392-898B-4948-8003-E5DA224F28B1}.Release|iPhone.Build.0 = Release|Any CPU
		{53566392-898B-4948-8003-E5DA224F28B1}.Release|iPhoneSimulator.ActiveCfg = Release|Any CPU
		{53566392-898B-4948-8003-E5DA224F28B1}.Release|iPhoneSimulator.Build.0 = Release|Any CPU
		{53566392-898B-4948-8003-E5DA224F28B1}.Release|x64.ActiveCfg = Release|Any CPU
		{53566392-898B-4948-8003-E5DA224F28B1}.Release|x64.Build.0 = Release|Any CPU
		{53566392-898B-4948-8003-E5DA224F28B1}.Release|x86.ActiveCfg = Release|Any CPU
		{53566392-898B-4948-8003-E5DA224F28B1}.Release|x86.Build.0 = Release|Any CPU
		{EC229FCE-CE67-4C05-92B2-6224D6844A27}.Debug|Any CPU.ActiveCfg = Debug|Any CPU
		{EC229FCE-CE67-4C05-92B2-6224D6844A27}.Debug|Any CPU.Build.0 = Debug|Any CPU
		{EC229FCE-CE67-4C05-92B2-6224D6844A27}.Debug|ARM.ActiveCfg = Debug|Any CPU
		{EC229FCE-CE67-4C05-92B2-6224D6844A27}.Debug|ARM.Build.0 = Debug|Any CPU
		{EC229FCE-CE67-4C05-92B2-6224D6844A27}.Debug|iPhone.ActiveCfg = Debug|Any CPU
		{EC229FCE-CE67-4C05-92B2-6224D6844A27}.Debug|iPhone.Build.0 = Debug|Any CPU
		{EC229FCE-CE67-4C05-92B2-6224D6844A27}.Debug|iPhoneSimulator.ActiveCfg = Debug|Any CPU
		{EC229FCE-CE67-4C05-92B2-6224D6844A27}.Debug|iPhoneSimulator.Build.0 = Debug|Any CPU
		{EC229FCE-CE67-4C05-92B2-6224D6844A27}.Debug|x64.ActiveCfg = Debug|Any CPU
		{EC229FCE-CE67-4C05-92B2-6224D6844A27}.Debug|x64.Build.0 = Debug|Any CPU
		{EC229FCE-CE67-4C05-92B2-6224D6844A27}.Debug|x86.ActiveCfg = Debug|Any CPU
		{EC229FCE-CE67-4C05-92B2-6224D6844A27}.Debug|x86.Build.0 = Debug|Any CPU
		{EC229FCE-CE67-4C05-92B2-6224D6844A27}.Release|Any CPU.ActiveCfg = Release|Any CPU
		{EC229FCE-CE67-4C05-92B2-6224D6844A27}.Release|Any CPU.Build.0 = Release|Any CPU
		{EC229FCE-CE67-4C05-92B2-6224D6844A27}.Release|ARM.ActiveCfg = Release|Any CPU
		{EC229FCE-CE67-4C05-92B2-6224D6844A27}.Release|ARM.Build.0 = Release|Any CPU
		{EC229FCE-CE67-4C05-92B2-6224D6844A27}.Release|iPhone.ActiveCfg = Release|Any CPU
		{EC229FCE-CE67-4C05-92B2-6224D6844A27}.Release|iPhone.Build.0 = Release|Any CPU
		{EC229FCE-CE67-4C05-92B2-6224D6844A27}.Release|iPhoneSimulator.ActiveCfg = Release|Any CPU
		{EC229FCE-CE67-4C05-92B2-6224D6844A27}.Release|iPhoneSimulator.Build.0 = Release|Any CPU
		{EC229FCE-CE67-4C05-92B2-6224D6844A27}.Release|x64.ActiveCfg = Release|Any CPU
		{EC229FCE-CE67-4C05-92B2-6224D6844A27}.Release|x64.Build.0 = Release|Any CPU
		{EC229FCE-CE67-4C05-92B2-6224D6844A27}.Release|x86.ActiveCfg = Release|Any CPU
		{EC229FCE-CE67-4C05-92B2-6224D6844A27}.Release|x86.Build.0 = Release|Any CPU
		{15D77A9B-57FE-4729-BF81-0B2F469BEC84}.Debug|Any CPU.ActiveCfg = Debug|x86
		{15D77A9B-57FE-4729-BF81-0B2F469BEC84}.Debug|Any CPU.Build.0 = Debug|x86
		{15D77A9B-57FE-4729-BF81-0B2F469BEC84}.Debug|Any CPU.Deploy.0 = Debug|x86
		{15D77A9B-57FE-4729-BF81-0B2F469BEC84}.Debug|ARM.ActiveCfg = Debug|ARM
		{15D77A9B-57FE-4729-BF81-0B2F469BEC84}.Debug|ARM.Build.0 = Debug|ARM
		{15D77A9B-57FE-4729-BF81-0B2F469BEC84}.Debug|ARM.Deploy.0 = Debug|ARM
		{15D77A9B-57FE-4729-BF81-0B2F469BEC84}.Debug|iPhone.ActiveCfg = Debug|x86
		{15D77A9B-57FE-4729-BF81-0B2F469BEC84}.Debug|iPhoneSimulator.ActiveCfg = Debug|x86
		{15D77A9B-57FE-4729-BF81-0B2F469BEC84}.Debug|x64.ActiveCfg = Debug|x64
		{15D77A9B-57FE-4729-BF81-0B2F469BEC84}.Debug|x64.Build.0 = Debug|x64
		{15D77A9B-57FE-4729-BF81-0B2F469BEC84}.Debug|x64.Deploy.0 = Debug|x64
		{15D77A9B-57FE-4729-BF81-0B2F469BEC84}.Debug|x86.ActiveCfg = Debug|x86
		{15D77A9B-57FE-4729-BF81-0B2F469BEC84}.Debug|x86.Build.0 = Debug|x86
		{15D77A9B-57FE-4729-BF81-0B2F469BEC84}.Debug|x86.Deploy.0 = Debug|x86
		{15D77A9B-57FE-4729-BF81-0B2F469BEC84}.Release|Any CPU.ActiveCfg = Release|x86
		{15D77A9B-57FE-4729-BF81-0B2F469BEC84}.Release|ARM.ActiveCfg = Release|ARM
		{15D77A9B-57FE-4729-BF81-0B2F469BEC84}.Release|ARM.Build.0 = Release|ARM
		{15D77A9B-57FE-4729-BF81-0B2F469BEC84}.Release|ARM.Deploy.0 = Release|ARM
		{15D77A9B-57FE-4729-BF81-0B2F469BEC84}.Release|iPhone.ActiveCfg = Release|x86
		{15D77A9B-57FE-4729-BF81-0B2F469BEC84}.Release|iPhoneSimulator.ActiveCfg = Release|x86
		{15D77A9B-57FE-4729-BF81-0B2F469BEC84}.Release|x64.ActiveCfg = Release|x64
		{15D77A9B-57FE-4729-BF81-0B2F469BEC84}.Release|x64.Build.0 = Release|x64
		{15D77A9B-57FE-4729-BF81-0B2F469BEC84}.Release|x64.Deploy.0 = Release|x64
		{15D77A9B-57FE-4729-BF81-0B2F469BEC84}.Release|x86.ActiveCfg = Release|x86
		{15D77A9B-57FE-4729-BF81-0B2F469BEC84}.Release|x86.Build.0 = Release|x86
		{15D77A9B-57FE-4729-BF81-0B2F469BEC84}.Release|x86.Deploy.0 = Release|x86
		{FA6353FE-C7B5-4857-A2DF-25586BEC6974}.Debug|Any CPU.ActiveCfg = Debug|Any CPU
		{FA6353FE-C7B5-4857-A2DF-25586BEC6974}.Debug|ARM.ActiveCfg = Debug|Any CPU
		{FA6353FE-C7B5-4857-A2DF-25586BEC6974}.Debug|ARM.Build.0 = Debug|Any CPU
		{FA6353FE-C7B5-4857-A2DF-25586BEC6974}.Debug|ARM.Deploy.0 = Debug|Any CPU
		{FA6353FE-C7B5-4857-A2DF-25586BEC6974}.Debug|iPhone.ActiveCfg = Debug|Any CPU
		{FA6353FE-C7B5-4857-A2DF-25586BEC6974}.Debug|iPhone.Build.0 = Debug|Any CPU
		{FA6353FE-C7B5-4857-A2DF-25586BEC6974}.Debug|iPhone.Deploy.0 = Debug|Any CPU
		{FA6353FE-C7B5-4857-A2DF-25586BEC6974}.Debug|iPhoneSimulator.ActiveCfg = Debug|Any CPU
		{FA6353FE-C7B5-4857-A2DF-25586BEC6974}.Debug|iPhoneSimulator.Build.0 = Debug|Any CPU
		{FA6353FE-C7B5-4857-A2DF-25586BEC6974}.Debug|iPhoneSimulator.Deploy.0 = Debug|Any CPU
		{FA6353FE-C7B5-4857-A2DF-25586BEC6974}.Debug|x64.ActiveCfg = Debug|Any CPU
		{FA6353FE-C7B5-4857-A2DF-25586BEC6974}.Debug|x64.Build.0 = Debug|Any CPU
		{FA6353FE-C7B5-4857-A2DF-25586BEC6974}.Debug|x64.Deploy.0 = Debug|Any CPU
		{FA6353FE-C7B5-4857-A2DF-25586BEC6974}.Debug|x86.ActiveCfg = Debug|Any CPU
		{FA6353FE-C7B5-4857-A2DF-25586BEC6974}.Release|Any CPU.ActiveCfg = Release|Any CPU
		{FA6353FE-C7B5-4857-A2DF-25586BEC6974}.Release|Any CPU.Build.0 = Release|Any CPU
		{FA6353FE-C7B5-4857-A2DF-25586BEC6974}.Release|Any CPU.Deploy.0 = Release|Any CPU
		{FA6353FE-C7B5-4857-A2DF-25586BEC6974}.Release|ARM.ActiveCfg = Release|Any CPU
		{FA6353FE-C7B5-4857-A2DF-25586BEC6974}.Release|ARM.Build.0 = Release|Any CPU
		{FA6353FE-C7B5-4857-A2DF-25586BEC6974}.Release|ARM.Deploy.0 = Release|Any CPU
		{FA6353FE-C7B5-4857-A2DF-25586BEC6974}.Release|iPhone.ActiveCfg = Release|Any CPU
		{FA6353FE-C7B5-4857-A2DF-25586BEC6974}.Release|iPhone.Build.0 = Release|Any CPU
		{FA6353FE-C7B5-4857-A2DF-25586BEC6974}.Release|iPhone.Deploy.0 = Release|Any CPU
		{FA6353FE-C7B5-4857-A2DF-25586BEC6974}.Release|iPhoneSimulator.ActiveCfg = Release|Any CPU
		{FA6353FE-C7B5-4857-A2DF-25586BEC6974}.Release|iPhoneSimulator.Build.0 = Release|Any CPU
		{FA6353FE-C7B5-4857-A2DF-25586BEC6974}.Release|iPhoneSimulator.Deploy.0 = Release|Any CPU
		{FA6353FE-C7B5-4857-A2DF-25586BEC6974}.Release|x64.ActiveCfg = Release|Any CPU
		{FA6353FE-C7B5-4857-A2DF-25586BEC6974}.Release|x64.Build.0 = Release|Any CPU
		{FA6353FE-C7B5-4857-A2DF-25586BEC6974}.Release|x64.Deploy.0 = Release|Any CPU
		{FA6353FE-C7B5-4857-A2DF-25586BEC6974}.Release|x86.ActiveCfg = Release|Any CPU
		{FA6353FE-C7B5-4857-A2DF-25586BEC6974}.Release|x86.Build.0 = Release|Any CPU
		{FA6353FE-C7B5-4857-A2DF-25586BEC6974}.Release|x86.Deploy.0 = Release|Any CPU
		{5E2E6C3D-A161-415B-98C1-BF951013EDAB}.Debug|Any CPU.ActiveCfg = Debug|iPhone
		{5E2E6C3D-A161-415B-98C1-BF951013EDAB}.Debug|ARM.ActiveCfg = Debug|iPhone
		{5E2E6C3D-A161-415B-98C1-BF951013EDAB}.Debug|iPhone.ActiveCfg = Debug|iPhone
		{5E2E6C3D-A161-415B-98C1-BF951013EDAB}.Debug|iPhone.Build.0 = Debug|iPhone
		{5E2E6C3D-A161-415B-98C1-BF951013EDAB}.Debug|iPhoneSimulator.ActiveCfg = Debug|iPhoneSimulator
		{5E2E6C3D-A161-415B-98C1-BF951013EDAB}.Debug|iPhoneSimulator.Build.0 = Debug|iPhoneSimulator
		{5E2E6C3D-A161-415B-98C1-BF951013EDAB}.Debug|x64.ActiveCfg = Debug|iPhone
		{5E2E6C3D-A161-415B-98C1-BF951013EDAB}.Debug|x86.ActiveCfg = Debug|iPhone
		{5E2E6C3D-A161-415B-98C1-BF951013EDAB}.Release|Any CPU.ActiveCfg = Release|iPhone
		{5E2E6C3D-A161-415B-98C1-BF951013EDAB}.Release|ARM.ActiveCfg = Release|iPhone
		{5E2E6C3D-A161-415B-98C1-BF951013EDAB}.Release|iPhone.ActiveCfg = Release|iPhone
		{5E2E6C3D-A161-415B-98C1-BF951013EDAB}.Release|iPhone.Build.0 = Release|iPhone
		{5E2E6C3D-A161-415B-98C1-BF951013EDAB}.Release|iPhoneSimulator.ActiveCfg = Release|iPhoneSimulator
		{5E2E6C3D-A161-415B-98C1-BF951013EDAB}.Release|iPhoneSimulator.Build.0 = Release|iPhoneSimulator
		{5E2E6C3D-A161-415B-98C1-BF951013EDAB}.Release|x64.ActiveCfg = Release|iPhone
		{5E2E6C3D-A161-415B-98C1-BF951013EDAB}.Release|x86.ActiveCfg = Release|iPhone
		{0DB45696-72AC-44B9-AB93-07EF4DD90210}.Debug|Any CPU.ActiveCfg = Debug|Any CPU
		{0DB45696-72AC-44B9-AB93-07EF4DD90210}.Debug|Any CPU.Build.0 = Debug|Any CPU
		{0DB45696-72AC-44B9-AB93-07EF4DD90210}.Debug|ARM.ActiveCfg = Debug|Any CPU
		{0DB45696-72AC-44B9-AB93-07EF4DD90210}.Debug|ARM.Build.0 = Debug|Any CPU
		{0DB45696-72AC-44B9-AB93-07EF4DD90210}.Debug|iPhone.ActiveCfg = Debug|Any CPU
		{0DB45696-72AC-44B9-AB93-07EF4DD90210}.Debug|iPhone.Build.0 = Debug|Any CPU
		{0DB45696-72AC-44B9-AB93-07EF4DD90210}.Debug|iPhoneSimulator.ActiveCfg = Debug|Any CPU
		{0DB45696-72AC-44B9-AB93-07EF4DD90210}.Debug|iPhoneSimulator.Build.0 = Debug|Any CPU
		{0DB45696-72AC-44B9-AB93-07EF4DD90210}.Debug|x64.ActiveCfg = Debug|Any CPU
		{0DB45696-72AC-44B9-AB93-07EF4DD90210}.Debug|x64.Build.0 = Debug|Any CPU
		{0DB45696-72AC-44B9-AB93-07EF4DD90210}.Debug|x86.ActiveCfg = Debug|Any CPU
		{0DB45696-72AC-44B9-AB93-07EF4DD90210}.Debug|x86.Build.0 = Debug|Any CPU
		{0DB45696-72AC-44B9-AB93-07EF4DD90210}.Release|Any CPU.ActiveCfg = Release|Any CPU
		{0DB45696-72AC-44B9-AB93-07EF4DD90210}.Release|Any CPU.Build.0 = Release|Any CPU
		{0DB45696-72AC-44B9-AB93-07EF4DD90210}.Release|ARM.ActiveCfg = Release|Any CPU
		{0DB45696-72AC-44B9-AB93-07EF4DD90210}.Release|ARM.Build.0 = Release|Any CPU
		{0DB45696-72AC-44B9-AB93-07EF4DD90210}.Release|iPhone.ActiveCfg = Release|Any CPU
		{0DB45696-72AC-44B9-AB93-07EF4DD90210}.Release|iPhone.Build.0 = Release|Any CPU
		{0DB45696-72AC-44B9-AB93-07EF4DD90210}.Release|iPhoneSimulator.ActiveCfg = Release|Any CPU
		{0DB45696-72AC-44B9-AB93-07EF4DD90210}.Release|iPhoneSimulator.Build.0 = Release|Any CPU
		{0DB45696-72AC-44B9-AB93-07EF4DD90210}.Release|x64.ActiveCfg = Release|Any CPU
		{0DB45696-72AC-44B9-AB93-07EF4DD90210}.Release|x64.Build.0 = Release|Any CPU
		{0DB45696-72AC-44B9-AB93-07EF4DD90210}.Release|x86.ActiveCfg = Release|Any CPU
		{0DB45696-72AC-44B9-AB93-07EF4DD90210}.Release|x86.Build.0 = Release|Any CPU
	EndGlobalSection
	GlobalSection(SolutionProperties) = preSolution
		HideSolutionNode = FALSE
	EndGlobalSection
	GlobalSection(NestedProjects) = preSolution
		{EC229FCE-CE67-4C05-92B2-6224D6844A27} = {8E961501-54F2-4407-BF32-B9BEE58F18D7}
		{15D77A9B-57FE-4729-BF81-0B2F469BEC84} = {8E961501-54F2-4407-BF32-B9BEE58F18D7}
		{FA6353FE-C7B5-4857-A2DF-25586BEC6974} = {8E961501-54F2-4407-BF32-B9BEE58F18D7}
		{5E2E6C3D-A161-415B-98C1-BF951013EDAB} = {8E961501-54F2-4407-BF32-B9BEE58F18D7}
		{0DB45696-72AC-44B9-AB93-07EF4DD90210} = {8E961501-54F2-4407-BF32-B9BEE58F18D7}
	EndGlobalSection
	GlobalSection(ExtensibilityGlobals) = postSolution
		SolutionGuid = {E4A3363C-C5D6-4C86-9F46-6DE9ED9D8401}
	EndGlobalSection
EndGlobal
